Microsoft Visual Studio Solution File, Format Version 12.00
# Visual Studio Version 17
VisualStudioVersion = 17.5.2.0
MinimumVisualStudioVersion = 10.0.40219.1
Project("{FAE04EC0-301F-11D3-BF4B-00C04F79EFBC}") = "SaaS.Api", "SaaS.Api.csproj", "{0168A566-14FA-223F-76E0-93510F02A59F}"
EndProject
Global
	GlobalSection(SolutionConfigurationPlatforms) = preSolution
		Debug|Any CPU = Debug|Any CPU
		Release|Any CPU = Release|Any CPU
	EndGlobalSection
	GlobalSection(ProjectConfigurationPlatforms) = postSolution
		{0168A566-14FA-223F-76E0-93510F02A59F}.Debug|Any CPU.ActiveCfg = Debug|Any CPU
		{0168A566-14FA-223F-76E0-93510F02A59F}.Debug|Any CPU.Build.0 = Debug|Any CPU
		{0168A566-14FA-223F-76E0-93510F02A59F}.Release|Any CPU.ActiveCfg = Release|Any CPU
		{0168A566-14FA-223F-76E0-93510F02A59F}.Release|Any CPU.Build.0 = Release|Any CPU
	EndGlobalSection
	GlobalSection(SolutionProperties) = preSolution
		HideSolutionNode = FALSE
	EndGlobalSection
	GlobalSection(ExtensibilityGlobals) = postSolution
		SolutionGuid = {76606307-7B1B-4C82-A0B6-F8AFAE9422A3}
	EndGlobalSection
EndGlobal
